// !$*UTF8*$!
{
	archiveVersion = 1;
	classes = {
	};
	objectVersion = 56;
	objects = {

/* Begin PBXBuildFile section */
		68ABE9F62CD4D9D700998F77 /* AppDelegate.swift in Sources */ = {isa = PBXBuildFile; fileRef = 68ABE9F52CD4D9D700998F77 /* AppDelegate.swift */; };
		68ABE9F82CD4D9D700998F77 /* SceneDelegate.swift in Sources */ = {isa = PBXBuildFile; fileRef = 68ABE9F72CD4D9D700998F77 /* SceneDelegate.swift */; };
		68ABE9FA2CD4D9D700998F77 /* ViewController.swift in Sources */ = {isa = PBXBuildFile; fileRef = 68ABE9F92CD4D9D700998F77 /* ViewController.swift */; };
		68ABE9FD2CD4D9D700998F77 /* Base in Resources */ = {isa = PBXBuildFile; fileRef = 68ABE9FC2CD4D9D700998F77 /* Base */; };
		68ABE9FF2CD4D9D900998F77 /* Assets.xcassets in Resources */ = {isa = PBXBuildFile; fileRef = 68ABE9FE2CD4D9D900998F77 /* Assets.xcassets */; };
		68ABEA022CD4D9D900998F77 /* Base in Resources */ = {isa = PBXBuildFile; fileRef = 68ABEA012CD4D9D900998F77 /* Base */; };
		68ABEA0D2CD4D9D900998F77 /* MVVMUiKitTests.swift in Sources */ = {isa = PBXBuildFile; fileRef = 68ABEA0C2CD4D9D900998F77 /* MVVMUiKitTests.swift */; };
		68ABEA172CD4D9D900998F77 /* MVVMUiKitUITests.swift in Sources */ = {isa = PBXBuildFile; fileRef = 68ABEA162CD4D9D900998F77 /* MVVMUiKitUITests.swift */; };
		68ABEA192CD4D9D900998F77 /* MVVMUiKitUITestsLaunchTests.swift in Sources */ = {isa = PBXBuildFile; fileRef = 68ABEA182CD4D9D900998F77 /* MVVMUiKitUITestsLaunchTests.swift */; };
/* End PBXBuildFile section */

/* Begin PBXContainerItemProxy section */
		68ABEA092CD4D9D900998F77 /* PBXContainerItemProxy */ = {
			isa = PBXContainerItemProxy;
			containerPortal = 68ABE9EA2CD4D9D700998F77 /* Project object */;
			proxyType = 1;
			remoteGlobalIDString = 68ABE9F12CD4D9D700998F77;
			remoteInfo = MVVMUiKit;
		};
		68ABEA132CD4D9D900998F77 /* PBXContainerItemProxy */ = {
			isa = PBXContainerItemProxy;
			containerPortal = 68ABE9EA2CD4D9D700998F77 /* Project object */;
			proxyType = 1;
			remoteGlobalIDString = 68ABE9F12CD4D9D700998F77;
			remoteInfo = MVVMUiKit;
		};
/* End PBXContainerItemProxy section */

/* Begin PBXFileReference section */
		68ABE9F22CD4D9D700998F77 /* MVVMUiKit.app */ = {isa = PBXFileReference; explicitFileType = wrapper.application; includeInIndex = 0; path = MVVMUiKit.app; sourceTree = BUILT_PRODUCTS_DIR; };
		68ABE9F52CD4D9D700998F77 /* AppDelegate.swift */ = {isa = PBXFileReference; lastKnownFileType = sourcecode.swift; path = AppDelegate.swift; sourceTree = "<group>"; };
		68ABE9F72CD4D9D700998F77 /* SceneDelegate.swift */ = {isa = PBXFileReference; lastKnownFileType = sourcecode.swift; path = SceneDelegate.swift; sourceTree = "<group>"; };
		68ABE9F92CD4D9D700998F77 /* ViewController.swift */ = {isa = PBXFileReference; lastKnownFileType = sourcecode.swift; path = ViewController.swift; sourceTree = "<group>"; };
		68ABE9FC2CD4D9D700998F77 /* Base */ = {isa = PBXFileReference; lastKnownFileType = file.storyboard; name = Base; path = Base.lproj/Main.storyboard; sourceTree = "<group>"; };
		68ABE9FE2CD4D9D900998F77 /* Assets.xcassets */ = {isa = PBXFileReference; lastKnownFileType = folder.assetcatalog; path = Assets.xcassets; sourceTree = "<group>"; };
		68ABEA012CD4D9D900998F77 /* Base */ = {isa = PBXFileReference; lastKnownFileType = file.storyboard; name = Base; path = Base.lproj/LaunchScreen.storyboard; sourceTree = "<group>"; };
		68ABEA032CD4D9D900998F77 /* Info.plist */ = {isa = PBXFileReference; lastKnownFileType = text.plist.xml; path = Info.plist; sourceTree = "<group>"; };
		68ABEA082CD4D9D900998F77 /* MVVMUiKitTests.xctest */ = {isa = PBXFileReference; explicitFileType = wrapper.cfbundle; includeInIndex = 0; path = MVVMUiKitTests.xctest; sourceTree = BUILT_PRODUCTS_DIR; };
		68ABEA0C2CD4D9D900998F77 /* MVVMUiKitTests.swift */ = {isa = PBXFileReference; lastKnownFileType = sourcecode.swift; path = MVVMUiKitTests.swift; sourceTree = "<group>"; };
		68ABEA122CD4D9D900998F77 /* MVVMUiKitUITests.xctest */ = {isa = PBXFileReference; explicitFileType = wrapper.cfbundle; includeInIndex = 0; path = MVVMUiKitUITests.xctest; sourceTree = BUILT_PRODUCTS_DIR; };
		68ABEA162CD4D9D900998F77 /* MVVMUiKitUITests.swift */ = {isa = PBXFileReference; lastKnownFileType = sourcecode.swift; path = MVVMUiKitUITests.swift; sourceTree = "<group>"; };
		68ABEA182CD4D9D900998F77 /* MVVMUiKitUITestsLaunchTests.swift */ = {isa = PBXFileReference; lastKnownFileType = sourcecode.swift; path = MVVMUiKitUITestsLaunchTests.swift; sourceTree = "<group>"; };
/* End PBXFileReference section */

/* Begin PBXFrameworksBuildPhase section */
		68ABE9EF2CD4D9D700998F77 /* Frameworks */ = {
			isa = PBXFrameworksBuildPhase;
			buildActionMask = 2147483647;
			files = (
			);
			runOnlyForDeploymentPostprocessing = 0;
		};
		68ABEA052CD4D9D900998F77 /* Frameworks */ = {
			isa = PBXFrameworksBuildPhase;
			buildActionMask = 2147483647;
			files = (
			);
			runOnlyForDeploymentPostprocessing = 0;
		};
		68ABEA0F2CD4D9D900998F77 /* Frameworks */ = {
			isa = PBXFrameworksBuildPhase;
			buildActionMask = 2147483647;
			files = (
			);
			runOnlyForDeploymentPostprocessing = 0;
		};
/* End PBXFrameworksBuildPhase section */

/* Begin PBXGroup section */
		68ABE9E92CD4D9D700998F77 = {
			isa = PBXGroup;
			children = (
				68ABE9F42CD4D9D700998F77 /* MVVMUiKit */,
				68ABEA0B2CD4D9D900998F77 /* MVVMUiKitTests */,
				68ABEA152CD4D9D900998F77 /* MVVMUiKitUITests */,
				68ABE9F32CD4D9D700998F77 /* Products */,
			);
			sourceTree = "<group>";
		};
		68ABE9F32CD4D9D700998F77 /* Products */ = {
			isa = PBXGroup;
			children = (
				68ABE9F22CD4D9D700998F77 /* MVVMUiKit.app */,
				68ABEA082CD4D9D900998F77 /* MVVMUiKitTests.xctest */,
				68ABEA122CD4D9D900998F77 /* MVVMUiKitUITests.xctest */,
			);
			name = Products;
			sourceTree = "<group>";
		};
		68ABE9F42CD4D9D700998F77 /* MVVMUiKit */ = {
			isa = PBXGroup;
			children = (
				68ABE9F52CD4D9D700998F77 /* AppDelegate.swift */,
				68ABE9F72CD4D9D700998F77 /* SceneDelegate.swift */,
				68ABE9F92CD4D9D700998F77 /* ViewController.swift */,
				68ABE9FB2CD4D9D700998F77 /* Main.storyboard */,
				68ABE9FE2CD4D9D900998F77 /* Assets.xcassets */,
				68ABEA002CD4D9D900998F77 /* LaunchScreen.storyboard */,
				68ABEA032CD4D9D900998F77 /* Info.plist */,
			);
			path = MVVMUiKit;
			sourceTree = "<group>";
		};
		68ABEA0B2CD4D9D900998F77 /* MVVMUiKitTests */ = {
			isa = PBXGroup;
			children = (
				68ABEA0C2CD4D9D900998F77 /* MVVMUiKitTests.swift */,
			);
			path = MVVMUiKitTests;
			sourceTree = "<group>";
		};
		68ABEA152CD4D9D900998F77 /* MVVMUiKitUITests */ = {
			isa = PBXGroup;
			children = (
				68ABEA162CD4D9D900998F77 /* MVVMUiKitUITests.swift */,
				68ABEA182CD4D9D900998F77 /* MVVMUiKitUITestsLaunchTests.swift */,
			);
			path = MVVMUiKitUITests;
			sourceTree = "<group>";
		};
/* End PBXGroup section */

/* Begin PBXNativeTarget section */
		68ABE9F12CD4D9D700998F77 /* MVVMUiKit */ = {
			isa = PBXNativeTarget;
			buildConfigurationList = 68ABEA1C2CD4D9D900998F77 /* Build configuration list for PBXNativeTarget "MVVMUiKit" */;
			buildPhases = (
				68ABE9EE2CD4D9D700998F77 /* Sources */,
				68ABE9EF2CD4D9D700998F77 /* Frameworks */,
				68ABE9F02CD4D9D700998F77 /* Resources */,
			);
			buildRules = (
			);
			dependencies = (
			);
			name = MVVMUiKit;
			productName = MVVMUiKit;
			productReference = 68ABE9F22CD4D9D700998F77 /* MVVMUiKit.app */;
			productType = "com.apple.product-type.application";
		};
		68ABEA072CD4D9D900998F77 /* MVVMUiKitTests */ = {
			isa = PBXNativeTarget;
			buildConfigurationList = 68ABEA1F2CD4D9D900998F77 /* Build configuration list for PBXNativeTarget "MVVMUiKitTests" */;
			buildPhases = (
				68ABEA042CD4D9D900998F77 /* Sources */,
				68ABEA052CD4D9D900998F77 /* Frameworks */,
				68ABEA062CD4D9D900998F77 /* Resources */,
			);
			buildRules = (
			);
			dependencies = (
				68ABEA0A2CD4D9D900998F77 /* PBXTargetDependency */,
			);
			name = MVVMUiKitTests;
			productName = MVVMUiKitTests;
			productReference = 68ABEA082CD4D9D900998F77 /* MVVMUiKitTests.xctest */;
			productType = "com.apple.product-type.bundle.unit-test";
		};
		68ABEA112CD4D9D900998F77 /* MVVMUiKitUITests */ = {
			isa = PBXNativeTarget;
			buildConfigurationList = 68ABEA222CD4D9D900998F77 /* Build configuration list for PBXNativeTarget "MVVMUiKitUITests" */;
			buildPhases = (
				68ABEA0E2CD4D9D900998F77 /* Sources */,
				68ABEA0F2CD4D9D900998F77 /* Frameworks */,
				68ABEA102CD4D9D900998F77 /* Resources */,
			);
			buildRules = (
			);
			dependencies = (
				68ABEA142CD4D9D900998F77 /* PBXTargetDependency */,
			);
			name = MVVMUiKitUITests;
			productName = MVVMUiKitUITests;
			productReference = 68ABEA122CD4D9D900998F77 /* MVVMUiKitUITests.xctest */;
			productType = "com.apple.product-type.bundle.ui-testing";
		};
/* End PBXNativeTarget section */

/* Begin PBXProject section */
		68ABE9EA2CD4D9D700998F77 /* Project object */ = {
			isa = PBXProject;
			attributes = {
				BuildIndependentTargetsInParallel = 1;
				LastSwiftUpdateCheck = 1530;
				LastUpgradeCheck = 1530;
				TargetAttributes = {
					68ABE9F12CD4D9D700998F77 = {
						CreatedOnToolsVersion = 15.3;
					};
					68ABEA072CD4D9D900998F77 = {
						CreatedOnToolsVersion = 15.3;
						TestTargetID = 68ABE9F12CD4D9D700998F77;
					};
					68ABEA112CD4D9D900998F77 = {
						CreatedOnToolsVersion = 15.3;
						TestTargetID = 68ABE9F12CD4D9D700998F77;
					};
				};
			};
			buildConfigurationList = 68ABE9ED2CD4D9D700998F77 /* Build configuration list for PBXProject "MVVMUiKit" */;
			compatibilityVersion = "Xcode 14.0";
			developmentRegion = en;
			hasScannedForEncodings = 0;
			knownRegions = (
				en,
				Base,
			);
			mainGroup = 68ABE9E92CD4D9D700998F77;
			productRefGroup = 68ABE9F32CD4D9D700998F77 /* Products */;
			projectDirPath = "";
			projectRoot = "";
			targets = (
				68ABE9F12CD4D9D700998F77 /* MVVMUiKit */,
				68ABEA072CD4D9D900998F77 /* MVVMUiKitTests */,
				68ABEA112CD4D9D900998F77 /* MVVMUiKitUITests */,
			);
		};
/* End PBXProject section */

/* Begin PBXResourcesBuildPhase section */
		68ABE9F02CD4D9D700998F77 /* Resources */ = {
			isa = PBXResourcesBuildPhase;
			buildActionMask = 2147483647;
			files = (
				68ABE9FF2CD4D9D900998F77 /* Assets.xcassets in Resources */,
				68ABEA022CD4D9D900998F77 /* Base in Resources */,
				68ABE9FD2CD4D9D700998F77 /* Base in Resources */,
			);
			runOnlyForDeploymentPostprocessing = 0;
		};
		68ABEA062CD4D9D900998F77 /* Resources */ = {
			isa = PBXResourcesBuildPhase;
			buildActionMask = 2147483647;
			files = (
			);
			runOnlyForDeploymentPostprocessing = 0;
		};
		68ABEA102CD4D9D900998F77 /* Resources */ = {
			isa = PBXResourcesBuildPhase;
			buildActionMask = 2147483647;
			files = (
			);
			runOnlyForDeploymentPostprocessing = 0;
		};
/* End PBXResourcesBuildPhase section */

/* Begin PBXSourcesBuildPhase section */
		68ABE9EE2CD4D9D700998F77 /* Sources */ = {
			isa = PBXSourcesBuildPhase;
			buildActionMask = 2147483647;
			files = (
				68ABE9FA2CD4D9D700998F77 /* ViewController.swift in Sources */,
				68ABE9F62CD4D9D700998F77 /* AppDelegate.swift in Sources */,
				68ABE9F82CD4D9D700998F77 /* SceneDelegate.swift in Sources */,
			);
			runOnlyForDeploymentPostprocessing = 0;
		};
		68ABEA042CD4D9D900998F77 /* Sources */ = {
			isa = PBXSourcesBuildPhase;
			buildActionMask = 2147483647;
			files = (
				68ABEA0D2CD4D9D900998F77 /* MVVMUiKitTests.swift in Sources */,
			);
			runOnlyForDeploymentPostprocessing = 0;
		};
		68ABEA0E2CD4D9D900998F77 /* Sources */ = {
			isa = PBXSourcesBuildPhase;
			buildActionMask = 2147483647;
			files = (
				68ABEA172CD4D9D900998F77 /* MVVMUiKitUITests.swift in Sources */,
				68ABEA192CD4D9D900998F77 /* MVVMUiKitUITestsLaunchTests.swift in Sources */,
			);
			runOnlyForDeploymentPostprocessing = 0;
		};
/* End PBXSourcesBuildPhase section */

/* Begin PBXTargetDependency section */
		68ABEA0A2CD4D9D900998F77 /* PBXTargetDependency */ = {
			isa = PBXTargetDependency;
			target = 68ABE9F12CD4D9D700998F77 /* MVVMUiKit */;
			targetProxy = 68ABEA092CD4D9D900998F77 /* PBXContainerItemProxy */;
		};
		68ABEA142CD4D9D900998F77 /* PBXTargetDependency */ = {
			isa = PBXTargetDependency;
			target = 68ABE9F12CD4D9D700998F77 /* MVVMUiKit */;
			targetProxy = 68ABEA132CD4D9D900998F77 /* PBXContainerItemProxy */;
		};
/* End PBXTargetDependency section */

/* Begin PBXVariantGroup section */
		68ABE9FB2CD4D9D700998F77 /* Main.storyboard */ = {
			isa = PBXVariantGroup;
			children = (
				68ABE9FC2CD4D9D700998F77 /* Base */,
			);
			name = Main.storyboard;
			sourceTree = "<group>";
		};
		68ABEA002CD4D9D900998F77 /* LaunchScreen.storyboard */ = {
			isa = PBXVariantGroup;
			children = (
				68ABEA012CD4D9D900998F77 /* Base */,
			);
			name = LaunchScreen.storyboard;
			sourceTree = "<group>";
		};
/* End PBXVariantGroup section */

/* Begin XCBuildConfiguration section */
		68ABEA1A2CD4D9D900998F77 /* Debug */ = {
			isa = XCBuildConfiguration;
			buildSettings = {
				ALWAYS_SEARCH_USER_PATHS = NO;
				ASSETCATALOG_COMPILER_GENERATE_SWIFT_ASSET_SYMBOL_EXTENSIONS = YES;
				CLANG_ANALYZER_NONNULL = YES;
				CLANG_ANALYZER_NUMBER_OBJECT_CONVERSION = YES_AGGRESSIVE;
				CLANG_CXX_LANGUAGE_STANDARD = "gnu++20";
				CLANG_ENABLE_MODULES = YES;
				CLANG_ENABLE_OBJC_ARC = YES;
				CLANG_ENABLE_OBJC_WEAK = YES;
				CLANG_WARN_BLOCK_CAPTURE_AUTORELEASING = YES;
				CLANG_WARN_BOOL_CONVERSION = YES;
				CLANG_WARN_COMMA = YES;
				CLANG_WARN_CONSTANT_CONVERSION = YES;
				CLANG_WARN_DEPRECATED_OBJC_IMPLEMENTATIONS = YES;
				CLANG_WARN_DIRECT_OBJC_ISA_USAGE = YES_ERROR;
				CLANG_WARN_DOCUMENTATION_COMMENTS = YES;
				CLANG_WARN_EMPTY_BODY = YES;
				CLANG_WARN_ENUM_CONVERSION = YES;
				CLANG_WARN_INFINITE_RECURSION = YES;
				CLANG_WARN_INT_CONVERSION = YES;
				CLANG_WARN_NON_LITERAL_NULL_CONVERSION = YES;
				CLANG_WARN_OBJC_IMPLICIT_RETAIN_SELF = YES;
				CLANG_WARN_OBJC_LITERAL_CONVERSION = YES;
				CLANG_WARN_OBJC_ROOT_CLASS = YES_ERROR;
				CLANG_WARN_QUOTED_INCLUDE_IN_FRAMEWORK_HEADER = YES;
				CLANG_WARN_RANGE_LOOP_ANALYSIS = YES;
				CLANG_WARN_STRICT_PROTOTYPES = YES;
				CLANG_WARN_SUSPICIOUS_MOVE = YES;
				CLANG_WARN_UNGUARDED_AVAILABILITY = YES_AGGRESSIVE;
				CLANG_WARN_UNREACHABLE_CODE = YES;
				CLANG_WARN__DUPLICATE_METHOD_MATCH = YES;
				COPY_PHASE_STRIP = NO;
				DEBUG_INFORMATION_FORMAT = dwarf;
				ENABLE_STRICT_OBJC_MSGSEND = YES;
				ENABLE_TESTABILITY = YES;
				ENABLE_USER_SCRIPT_SANDBOXING = YES;
				GCC_C_LANGUAGE_STANDARD = gnu17;
				GCC_DYNAMIC_NO_PIC = NO;
				GCC_NO_COMMON_BLOCKS = YES;
				GCC_OPTIMIZATION_LEVEL = 0;
				GCC_PREPROCESSOR_DEFINITIONS = (
					"DEBUG=1",
					"$(inherited)",
				);
				GCC_WARN_64_TO_32_BIT_CONVERSION = YES;
				GCC_WARN_ABOUT_RETURN_TYPE = YES_ERROR;
				GCC_WARN_UNDECLARED_SELECTOR = YES;
				GCC_WARN_UNINITIALIZED_AUTOS = YES_AGGRESSIVE;
				GCC_WARN_UNUSED_FUNCTION = YES;
				GCC_WARN_UNUSED_VARIABLE = YES;
				IPHONEOS_DEPLOYMENT_TARGET = 17.4;
				LOCALIZATION_PREFERS_STRING_CATALOGS = YES;
				MTL_ENABLE_DEBUG_INFO = INCLUDE_SOURCE;
				MTL_FAST_MATH = YES;
				ONLY_ACTIVE_ARCH = YES;
				SDKROOT = iphoneos;
				SWIFT_ACTIVE_COMPILATION_CONDITIONS = "DEBUG $(inherited)";
				SWIFT_OPTIMIZATION_LEVEL = "-Onone";
			};
			name = Debug;
		};
		68ABEA1B2CD4D9D900998F77 /* Release */ = {
			isa = XCBuildConfiguration;
			buildSettings = {
				ALWAYS_SEARCH_USER_PATHS = NO;
				ASSETCATALOG_COMPILER_GENERATE_SWIFT_ASSET_SYMBOL_EXTENSIONS = YES;
				CLANG_ANALYZER_NONNULL = YES;
				CLANG_ANALYZER_NUMBER_OBJECT_CONVERSION = YES_AGGRESSIVE;
				CLANG_CXX_LANGUAGE_STANDARD = "gnu++20";
				CLANG_ENABLE_MODULES = YES;
				CLANG_ENABLE_OBJC_ARC = YES;
				CLANG_ENABLE_OBJC_WEAK = YES;
				CLANG_WARN_BLOCK_CAPTURE_AUTORELEASING = YES;
				CLANG_WARN_BOOL_CONVERSION = YES;
				CLANG_WARN_COMMA = YES;
				CLANG_WARN_CONSTANT_CONVERSION = YES;
				CLANG_WARN_DEPRECATED_OBJC_IMPLEMENTATIONS = YES;
				CLANG_WARN_DIRECT_OBJC_ISA_USAGE = YES_ERROR;
				CLANG_WARN_DOCUMENTATION_COMMENTS = YES;
				CLANG_WARN_EMPTY_BODY = YES;
				CLANG_WARN_ENUM_CONVERSION = YES;
				CLANG_WARN_INFINITE_RECURSION = YES;
				CLANG_WARN_INT_CONVERSION = YES;
				CLANG_WARN_NON_LITERAL_NULL_CONVERSION = YES;
				CLANG_WARN_OBJC_IMPLICIT_RETAIN_SELF = YES;
				CLANG_WARN_OBJC_LITERAL_CONVERSION = YES;
				CLANG_WARN_OBJC_ROOT_CLASS = YES_ERROR;
				CLANG_WARN_QUOTED_INCLUDE_IN_FRAMEWORK_HEADER = YES;
				CLANG_WARN_RANGE_LOOP_ANALYSIS = YES;
				CLANG_WARN_STRICT_PROTOTYPES = YES;
				CLANG_WARN_SUSPICIOUS_MOVE = YES;
				CLANG_WARN_UNGUARDED_AVAILABILITY = YES_AGGRESSIVE;
				CLANG_WARN_UNREACHABLE_CODE = YES;
				CLANG_WARN__DUPLICATE_METHOD_MATCH = YES;
				COPY_PHASE_STRIP = NO;
				DEBUG_INFORMATION_FORMAT = "dwarf-with-dsym";
				ENABLE_NS_ASSERTIONS = NO;
				ENABLE_STRICT_OBJC_MSGSEND = YES;
				ENABLE_USER_SCRIPT_SANDBOXING = YES;
				GCC_C_LANGUAGE_STANDARD = gnu17;
				GCC_NO_COMMON_BLOCKS = YES;
				GCC_WARN_64_TO_32_BIT_CONVERSION = YES;
				GCC_WARN_ABOUT_RETURN_TYPE = YES_ERROR;
				GCC_WARN_UNDECLARED_SELECTOR = YES;
				GCC_WARN_UNINITIALIZED_AUTOS = YES_AGGRESSIVE;
				GCC_WARN_UNUSED_FUNCTION = YES;
				GCC_WARN_UNUSED_VARIABLE = YES;
				IPHONEOS_DEPLOYMENT_TARGET = 17.4;
				LOCALIZATION_PREFERS_STRING_CATALOGS = YES;
				MTL_ENABLE_DEBUG_INFO = NO;
				MTL_FAST_MATH = YES;
				SDKROOT = iphoneos;
				SWIFT_COMPILATION_MODE = wholemodule;
				VALIDATE_PRODUCT = YES;
			};
			name = Release;
		};
		68ABEA1D2CD4D9D900998F77 /* Debug */ = {
			isa = XCBuildConfiguration;
			buildSettings = {
				ASSETCATALOG_COMPILER_APPICON_NAME = AppIcon;
				ASSETCATALOG_COMPILER_GLOBAL_ACCENT_COLOR_NAME = AccentColor;
				CODE_SIGN_STYLE = Automatic;
				CURRENT_PROJECT_VERSION = 1;
				DEVELOPMENT_TEAM = JFL5BCP2DB;
				GENERATE_INFOPLIST_FILE = YES;
				INFOPLIST_FILE = MVVMUiKit/Info.plist;
				INFOPLIST_KEY_UIApplicationSupportsIndirectInputEvents = YES;
				INFOPLIST_KEY_UILaunchStoryboardName = LaunchScreen;
				INFOPLIST_KEY_UIMainStoryboardFile = Main;
				INFOPLIST_KEY_UISupportedInterfaceOrientations_iPad = "UIInterfaceOrientationPortrait UIInterfaceOrientationPortraitUpsideDown UIInterfaceOrientationLandscapeLeft UIInterfaceOrientationLandscapeRight";
				INFOPLIST_KEY_UISupportedInterfaceOrientations_iPhone = "UIInterfaceOrientationPortrait UIInterfaceOrientationLandscapeLeft UIInterfaceOrientationLandscapeRight";
				LD_RUNPATH_SEARCH_PATHS = (
					"$(inherited)",
					"@executable_path/Frameworks",
				);
				MARKETING_VERSION = 1.0;
				PRODUCT_BUNDLE_IDENTIFIER = com.practiceOnce.app.MVVMUiKit;
				PRODUCT_NAME = "$(TARGET_NAME)";
				SWIFT_EMIT_LOC_STRINGS = YES;
				SWIFT_VERSION = 5.0;
				TARGETED_DEVICE_FAMILY = "1,2";
			};
			name = Debug;
		};
		68ABEA1E2CD4D9D900998F77 /* Release */ = {
			isa = XCBuildConfiguration;
			buildSettings = {
				ASSETCATALOG_COMPILER_APPICON_NAME = AppIcon;
				ASSETCATALOG_COMPILER_GLOBAL_ACCENT_COLOR_NAME = AccentColor;
				CODE_SIGN_STYLE = Automatic;
				CURRENT_PROJECT_VERSION = 1;
				DEVELOPMENT_TEAM = JFL5BCP2DB;
				GENERATE_INFOPLIST_FILE = YES;
				INFOPLIST_FILE = MVVMUiKit/Info.plist;
				INFOPLIST_KEY_UIApplicationSupportsIndirectInputEvents = YES;
				INFOPLIST_KEY_UILaunchStoryboardName = LaunchScreen;
				INFOPLIST_KEY_UIMainStoryboardFile = Main;
				INFOPLIST_KEY_UISupportedInterfaceOrientations_iPad = "UIInterfaceOrientationPortrait UIInterfaceOrientationPortraitUpsideDown UIInterfaceOrientationLandscapeLeft UIInterfaceOrientationLandscapeRight";
				INFOPLIST_KEY_UISupportedInterfaceOrientations_iPhone = "UIInterfaceOrientationPortrait UIInterfaceOrientationLandscapeLeft UIInterfaceOrientationLandscapeRight";
				LD_RUNPATH_SEARCH_PATHS = (
					"$(inherited)",
					"@executable_path/Frameworks",
				);
				MARKETING_VERSION = 1.0;
				PRODUCT_BUNDLE_IDENTIFIER = com.practiceOnce.app.MVVMUiKit;
				PRODUCT_NAME = "$(TARGET_NAME)";
				SWIFT_EMIT_LOC_STRINGS = YES;
				SWIFT_VERSION = 5.0;
				TARGETED_DEVICE_FAMILY = "1,2";
			};
			name = Release;
		};
		68ABEA202CD4D9D900998F77 /* Debug */ = {
			isa = XCBuildConfiguration;
			buildSettings = {
				ALWAYS_EMBED_SWIFT_STANDARD_LIBRARIES = YES;
				BUNDLE_LOADER = "$(TEST_HOST)";
				CODE_SIGN_STYLE = Automatic;
				CURRENT_PROJECT_VERSION = 1;
				DEVELOPMENT_TEAM = JFL5BCP2DB;
				GENERATE_INFOPLIST_FILE = YES;
				IPHONEOS_DEPLOYMENT_TARGET = 17.4;
				MARKETING_VERSION = 1.0;
				PRODUCT_BUNDLE_IDENTIFIER = com.practiceOnce.app.MVVMUiKitTests;
				PRODUCT_NAME = "$(TARGET_NAME)";
				SWIFT_EMIT_LOC_STRINGS = NO;
				SWIFT_VERSION = 5.0;
				TARGETED_DEVICE_FAMILY = "1,2";
				TEST_HOST = "$(BUILT_PRODUCTS_DIR)/MVVMUiKit.app/$(BUNDLE_EXECUTABLE_FOLDER_PATH)/MVVMUiKit";
			};
			name = Debug;
		};
		68ABEA212CD4D9D900998F77 /* Release */ = {
			isa = XCBuildConfiguration;
			buildSettings = {
				ALWAYS_EMBED_SWIFT_STANDARD_LIBRARIES = YES;
				BUNDLE_LOADER = "$(TEST_HOST)";
				CODE_SIGN_STYLE = Automatic;
				CURRENT_PROJECT_VERSION = 1;
				DEVELOPMENT_TEAM = JFL5BCP2DB;
				GENERATE_INFOPLIST_FILE = YES;
				IPHONEOS_DEPLOYMENT_TARGET = 17.4;
				MARKETING_VERSION = 1.0;
				PRODUCT_BUNDLE_IDENTIFIER = com.practiceOnce.app.MVVMUiKitTests;
				PRODUCT_NAME = "$(TARGET_NAME)";
				SWIFT_EMIT_LOC_STRINGS = NO;
				SWIFT_VERSION = 5.0;
				TARGETED_DEVICE_FAMILY = "1,2";
				TEST_HOST = "$(BUILT_PRODUCTS_DIR)/MVVMUiKit.app/$(BUNDLE_EXECUTABLE_FOLDER_PATH)/MVVMUiKit";
			};
			name = Release;
		};
		68ABEA232CD4D9D900998F77 /* Debug */ = {
			isa = XCBuildConfiguration;
			buildSettings = {
				ALWAYS_EMBED_SWIFT_STANDARD_LIBRARIES = YES;
				CODE_SIGN_STYLE = Automatic;
				CURRENT_PROJECT_VERSION = 1;
				DEVELOPMENT_TEAM = JFL5BCP2DB;
				GENERATE_INFOPLIST_FILE = YES;
				MARKETING_VERSION = 1.0;
				PRODUCT_BUNDLE_IDENTIFIER = com.practiceOnce.app.MVVMUiKitUITests;
				PRODUCT_NAME = "$(TARGET_NAME)";
				SWIFT_EMIT_LOC_STRINGS = NO;
				SWIFT_VERSION = 5.0;
				TARGETED_DEVICE_FAMILY = "1,2";
				TEST_TARGET_NAME = MVVMUiKit;
			};
			name = Debug;
		};
		68ABEA242CD4D9D900998F77 /* Release */ = {
			isa = XCBuildConfiguration;
			buildSettings = {
				ALWAYS_EMBED_SWIFT_STANDARD_LIBRARIES = YES;
				CODE_SIGN_STYLE = Automatic;
				CURRENT_PROJECT_VERSION = 1;
				DEVELOPMENT_TEAM = JFL5BCP2DB;
				GENERATE_INFOPLIST_FILE = YES;
				MARKETING_VERSION = 1.0;
				PRODUCT_BUNDLE_IDENTIFIER = com.practiceOnce.app.MVVMUiKitUITests;
				PRODUCT_NAME = "$(TARGET_NAME)";
				SWIFT_EMIT_LOC_STRINGS = NO;
				SWIFT_VERSION = 5.0;
				TARGETED_DEVICE_FAMILY = "1,2";
				TEST_TARGET_NAME = MVVMUiKit;
			};
			name = Release;
		};
/* End XCBuildConfiguration section */

/* Begin XCConfigurationList section */
		68ABE9ED2CD4D9D700998F77 /* Build configuration list for PBXProject "MVVMUiKit" */ = {
			isa = XCConfigurationList;
			buildConfigurations = (
				68ABEA1A2CD4D9D900998F77 /* Debug */,
				68ABEA1B2CD4D9D900998F77 /* Release */,
			);
			defaultConfigurationIsVisible = 0;
			defaultConfigurationName = Release;
		};
		68ABEA1C2CD4D9D900998F77 /* Build configuration list for PBXNativeTarget "MVVMUiKit" */ = {
			isa = XCConfigurationList;
			buildConfigurations = (
				68ABEA1D2CD4D9D900998F77 /* Debug */,
				68ABEA1E2CD4D9D900998F77 /* Release */,
			);
			defaultConfigurationIsVisible = 0;
			defaultConfigurationName = Release;
		};
		68ABEA1F2CD4D9D900998F77 /* Build configuration list for PBXNativeTarget "MVVMUiKitTests" */ = {
			isa = XCConfigurationList;
			buildConfigurations = (
				68ABEA202CD4D9D900998F77 /* Debug */,
				68ABEA212CD4D9D900998F77 /* Release */,
			);
			defaultConfigurationIsVisible = 0;
			defaultConfigurationName = Release;
		};
		68ABEA222CD4D9D900998F77 /* Build configuration list for PBXNativeTarget "MVVMUiKitUITests" */ = {
			isa = XCConfigurationList;
			buildConfigurations = (
				68ABEA232CD4D9D900998F77 /* Debug */,
				68ABEA242CD4D9D900998F77 /* Release */,
			);
			defaultConfigurationIsVisible = 0;
			defaultConfigurationName = Release;
		};
/* End XCConfigurationList section */
	};
	rootObject = 68ABE9EA2CD4D9D700998F77 /* Project object */;
}
